// !$*UTF8*$!
{
	archiveVersion = 1;
	classes = {
	};
	objectVersion = 46;
	objects = {

/* Begin PBXBuildFile section */
		CBB4E1631F31B96F003852D0 /* AppDelegate.swift in Sources */ = {isa = PBXBuildFile; fileRef = CBB4E1621F31B96F003852D0 /* AppDelegate.swift */; };
		CBB4E1651F31B96F003852D0 /* ViewController.swift in Sources */ = {isa = PBXBuildFile; fileRef = CBB4E1641F31B96F003852D0 /* ViewController.swift */; };
		CBB4E1671F31B96F003852D0 /* Assets.xcassets in Resources */ = {isa = PBXBuildFile; fileRef = CBB4E1661F31B96F003852D0 /* Assets.xcassets */; };
		CBB4E16A1F31B96F003852D0 /* Main.storyboard in Resources */ = {isa = PBXBuildFile; fileRef = CBB4E1681F31B96F003852D0 /* Main.storyboard */; };
		CBB4E1721F31BA32003852D0 /* EventMonitor.swift in Sources */ = {isa = PBXBuildFile; fileRef = CBB4E1711F31BA32003852D0 /* EventMonitor.swift */; };
		CBB4E1741F31BA67003852D0 /* TimerModel.swift in Sources */ = {isa = PBXBuildFile; fileRef = CBB4E1731F31BA67003852D0 /* TimerModel.swift */; };
		CBB4E1761F31BAA8003852D0 /* SetTimeViewController.swift in Sources */ = {isa = PBXBuildFile; fileRef = CBB4E1751F31BAA8003852D0 /* SetTimeViewController.swift */; };
/* End PBXBuildFile section */

/* Begin PBXFileReference section */
		CBB4E15F1F31B96F003852D0 /* Timer.app */ = {isa = PBXFileReference; explicitFileType = wrapper.application; includeInIndex = 0; path = Timer.app; sourceTree = BUILT_PRODUCTS_DIR; };
		CBB4E1621F31B96F003852D0 /* AppDelegate.swift */ = {isa = PBXFileReference; lastKnownFileType = sourcecode.swift; path = AppDelegate.swift; sourceTree = "<group>"; };
		CBB4E1641F31B96F003852D0 /* ViewController.swift */ = {isa = PBXFileReference; lastKnownFileType = sourcecode.swift; path = ViewController.swift; sourceTree = "<group>"; };
		CBB4E1661F31B96F003852D0 /* Assets.xcassets */ = {isa = PBXFileReference; lastKnownFileType = folder.assetcatalog; path = Assets.xcassets; sourceTree = "<group>"; };
		CBB4E1691F31B96F003852D0 /* Base */ = {isa = PBXFileReference; lastKnownFileType = file.storyboard; name = Base; path = Base.lproj/Main.storyboard; sourceTree = "<group>"; };
		CBB4E16B1F31B96F003852D0 /* Info.plist */ = {isa = PBXFileReference; lastKnownFileType = text.plist.xml; path = Info.plist; sourceTree = "<group>"; };
		CBB4E1711F31BA32003852D0 /* EventMonitor.swift */ = {isa = PBXFileReference; fileEncoding = 4; lastKnownFileType = sourcecode.swift; path = EventMonitor.swift; sourceTree = "<group>"; };
		CBB4E1731F31BA67003852D0 /* TimerModel.swift */ = {isa = PBXFileReference; fileEncoding = 4; lastKnownFileType = sourcecode.swift; path = TimerModel.swift; sourceTree = "<group>"; };
		CBB4E1751F31BAA8003852D0 /* SetTimeViewController.swift */ = {isa = PBXFileReference; fileEncoding = 4; lastKnownFileType = sourcecode.swift; path = SetTimeViewController.swift; sourceTree = "<group>"; };
/* End PBXFileReference section */

/* Begin PBXFrameworksBuildPhase section */
		CBB4E15C1F31B96F003852D0 /* Frameworks */ = {
			isa = PBXFrameworksBuildPhase;
			buildActionMask = 2147483647;
			files = (
			);
			runOnlyForDeploymentPostprocessing = 0;
		};
/* End PBXFrameworksBuildPhase section */

/* Begin PBXGroup section */
		CBB4E1561F31B96F003852D0 = {
			isa = PBXGroup;
			children = (
				CBB4E1611F31B96F003852D0 /* Timer */,
				CBB4E1601F31B96F003852D0 /* Products */,
			);
			sourceTree = "<group>";
		};
		CBB4E1601F31B96F003852D0 /* Products */ = {
			isa = PBXGroup;
			children = (
				CBB4E15F1F31B96F003852D0 /* Timer.app */,
			);
			name = Products;
			sourceTree = "<group>";
		};
		CBB4E1611F31B96F003852D0 /* Timer */ = {
			isa = PBXGroup;
			children = (
				CBB4E1621F31B96F003852D0 /* AppDelegate.swift */,
				CBB4E1711F31BA32003852D0 /* EventMonitor.swift */,
				CBB4E1641F31B96F003852D0 /* ViewController.swift */,
				CBB4E1751F31BAA8003852D0 /* SetTimeViewController.swift */,
				CBB4E1731F31BA67003852D0 /* TimerModel.swift */,
				CBB4E1661F31B96F003852D0 /* Assets.xcassets */,
				CBB4E1681F31B96F003852D0 /* Main.storyboard */,
				CBB4E16B1F31B96F003852D0 /* Info.plist */,
			);
			path = Timer;
			sourceTree = "<group>";
		};
/* End PBXGroup section */

/* Begin PBXNativeTarget section */
		CBB4E15E1F31B96F003852D0 /* Timer */ = {
			isa = PBXNativeTarget;
			buildConfigurationList = CBB4E16E1F31B96F003852D0 /* Build configuration list for PBXNativeTarget "Timer" */;
			buildPhases = (
				CBB4E15B1F31B96F003852D0 /* Sources */,
				CBB4E15C1F31B96F003852D0 /* Frameworks */,
				CBB4E15D1F31B96F003852D0 /* Resources */,
			);
			buildRules = (
			);
			dependencies = (
			);
			name = Timer;
			productName = Timer;
			productReference = CBB4E15F1F31B96F003852D0 /* Timer.app */;
			productType = "com.apple.product-type.application";
		};
/* End PBXNativeTarget section */

/* Begin PBXProject section */
		CBB4E1571F31B96F003852D0 /* Project object */ = {
			isa = PBXProject;
			attributes = {
				LastSwiftUpdateCheck = 0830;
				LastUpgradeCheck = 0830;
				ORGANIZATIONNAME = "Charlie Studio";
				TargetAttributes = {
					CBB4E15E1F31B96F003852D0 = {
						CreatedOnToolsVersion = 8.3.3;
						DevelopmentTeam = 9AR968KZAA;
						ProvisioningStyle = Automatic;
					};
				};
			};
			buildConfigurationList = CBB4E15A1F31B96F003852D0 /* Build configuration list for PBXProject "Timer" */;
			compatibilityVersion = "Xcode 3.2";
			developmentRegion = English;
			hasScannedForEncodings = 0;
			knownRegions = (
				en,
				Base,
			);
			mainGroup = CBB4E1561F31B96F003852D0;
			productRefGroup = CBB4E1601F31B96F003852D0 /* Products */;
			projectDirPath = "";
			projectRoot = "";
			targets = (
				CBB4E15E1F31B96F003852D0 /* Timer */,
			);
		};
/* End PBXProject section */

/* Begin PBXResourcesBuildPhase section */
		CBB4E15D1F31B96F003852D0 /* Resources */ = {
			isa = PBXResourcesBuildPhase;
			buildActionMask = 2147483647;
			files = (
				CBB4E1671F31B96F003852D0 /* Assets.xcassets in Resources */,
				CBB4E16A1F31B96F003852D0 /* Main.storyboard in Resources */,
			);
			runOnlyForDeploymentPostprocessing = 0;
		};
/* End PBXResourcesBuildPhase section */

/* Begin PBXSourcesBuildPhase section */
		CBB4E15B1F31B96F003852D0 /* Sources */ = {
			isa = PBXSourcesBuildPhase;
			buildActionMask = 2147483647;
			files = (
				CBB4E1761F31BAA8003852D0 /* SetTimeViewController.swift in Sources */,
				CBB4E1721F31BA32003852D0 /* EventMonitor.swift in Sources */,
				CBB4E1741F31BA67003852D0 /* TimerModel.swift in Sources */,
				CBB4E1651F31B96F003852D0 /* ViewController.swift in Sources */,
				CBB4E1631F31B96F003852D0 /* AppDelegate.swift in Sources */,
			);
			runOnlyForDeploymentPostprocessing = 0;
		};
/* End PBXSourcesBuildPhase section */

/* Begin PBXVariantGroup section */
		CBB4E1681F31B96F003852D0 /* Main.storyboard */ = {
			isa = PBXVariantGroup;
			children = (
				CBB4E1691F31B96F003852D0 /* Base */,
			);
			name = Main.storyboard;
			sourceTree = "<group>";
		};
/* End PBXVariantGroup section */

/* Begin XCBuildConfiguration section */
		CBB4E16C1F31B96F003852D0 /* Debug */ = {
			isa = XCBuildConfiguration;
			buildSettings = {
				ALWAYS_SEARCH_USER_PATHS = NO;
				CLANG_ANALYZER_NONNULL = YES;
				CLANG_ANALYZER_NUMBER_OBJECT_CONVERSION = YES_AGGRESSIVE;
				CLANG_CXX_LANGUAGE_STANDARD = "gnu++0x";
				CLANG_CXX_LIBRARY = "libc++";
				CLANG_ENABLE_MODULES = YES;
				CLANG_ENABLE_OBJC_ARC = YES;
				CLANG_WARN_BOOL_CONVERSION = YES;
				CLANG_WARN_CONSTANT_CONVERSION = YES;
				CLANG_WARN_DIRECT_OBJC_ISA_USAGE = YES_ERROR;
				CLANG_WARN_DOCUMENTATION_COMMENTS = YES;
				CLANG_WARN_EMPTY_BODY = YES;
				CLANG_WARN_ENUM_CONVERSION = YES;
				CLANG_WARN_INFINITE_RECURSION = YES;
				CLANG_WARN_INT_CONVERSION = YES;
				CLANG_WARN_OBJC_ROOT_CLASS = YES_ERROR;
				CLANG_WARN_SUSPICIOUS_MOVE = YES;
				CLANG_WARN_UNREACHABLE_CODE = YES;
				CLANG_WARN__DUPLICATE_METHOD_MATCH = YES;
				CODE_SIGN_IDENTITY = "-";
				COPY_PHASE_STRIP = NO;
				DEBUG_INFORMATION_FORMAT = dwarf;
				ENABLE_STRICT_OBJC_MSGSEND = YES;
				ENABLE_TESTABILITY = YES;
				GCC_C_LANGUAGE_STANDARD = gnu99;
				GCC_DYNAMIC_NO_PIC = NO;
				GCC_NO_COMMON_BLOCKS = YES;
				GCC_OPTIMIZATION_LEVEL = 0;
				GCC_PREPROCESSOR_DEFINITIONS = (
					"DEBUG=1",
					"$(inherited)",
				);
				GCC_WARN_64_TO_32_BIT_CONVERSION = YES;
				GCC_WARN_ABOUT_RETURN_TYPE = YES_ERROR;
				GCC_WARN_UNDECLARED_SELECTOR = YES;
				GCC_WARN_UNINITIALIZED_AUTOS = YES_AGGRESSIVE;
				GCC_WARN_UNUSED_FUNCTION = YES;
				GCC_WARN_UNUSED_VARIABLE = YES;
				MACOSX_DEPLOYMENT_TARGET = 10.12;
				MTL_ENABLE_DEBUG_INFO = YES;
				ONLY_ACTIVE_ARCH = YES;
				SDKROOT = macosx;
				SWIFT_ACTIVE_COMPILATION_CONDITIONS = DEBUG;
				SWIFT_OPTIMIZATION_LEVEL = "-Onone";
			};
			name = Debug;
		};
		CBB4E16D1F31B96F003852D0 /* Release */ = {
			isa = XCBuildConfiguration;
			buildSettings = {
				ALWAYS_SEARCH_USER_PATHS = NO;
				CLANG_ANALYZER_NONNULL = YES;
				CLANG_ANALYZER_NUMBER_OBJECT_CONVERSION = YES_AGGRESSIVE;
				CLANG_CXX_LANGUAGE_STANDARD = "gnu++0x";
				CLANG_CXX_LIBRARY = "libc++";
				CLANG_ENABLE_MODULES = YES;
				CLANG_ENABLE_OBJC_ARC = YES;
				CLANG_WARN_BOOL_CONVERSION = YES;
				CLANG_WARN_CONSTANT_CONVERSION = YES;
				CLANG_WARN_DIRECT_OBJC_ISA_USAGE = YES_ERROR;
				CLANG_WARN_DOCUMENTATION_COMMENTS = YES;
				CLANG_WARN_EMPTY_BODY = YES;
				CLANG_WARN_ENUM_CONVERSION = YES;
				CLANG_WARN_INFINITE_RECURSION = YES;
				CLANG_WARN_INT_CONVERSION = YES;
				CLANG_WARN_OBJC_ROOT_CLASS = YES_ERROR;
				CLANG_WARN_SUSPICIOUS_MOVE = YES;
				CLANG_WARN_UNREACHABLE_CODE = YES;
				CLANG_WARN__DUPLICATE_METHOD_MATCH = YES;
				CODE_SIGN_IDENTITY = "-";
				COPY_PHASE_STRIP = NO;
				DEBUG_INFORMATION_FORMAT = "dwarf-with-dsym";
				ENABLE_NS_ASSERTIONS = NO;
				ENABLE_STRICT_OBJC_MSGSEND = YES;
				GCC_C_LANGUAGE_STANDARD = gnu99;
				GCC_NO_COMMON_BLOCKS = YES;
				GCC_WARN_64_TO_32_BIT_CONVERSION = YES;
				GCC_WARN_ABOUT_RETURN_TYPE = YES_ERROR;
				GCC_WARN_UNDECLARED_SELECTOR = YES;
				GCC_WARN_UNINITIALIZED_AUTOS = YES_AGGRESSIVE;
				GCC_WARN_UNUSED_FUNCTION = YES;
				GCC_WARN_UNUSED_VARIABLE = YES;
				MACOSX_DEPLOYMENT_TARGET = 10.12;
				MTL_ENABLE_DEBUG_INFO = NO;
				SDKROOT = macosx;
				SWIFT_OPTIMIZATION_LEVEL = "-Owholemodule";
			};
			name = Release;
		};
		CBB4E16F1F31B96F003852D0 /* Debug */ = {
			isa = XCBuildConfiguration;
			buildSettings = {
				ASSETCATALOG_COMPILER_APPICON_NAME = AppIcon;
				COMBINE_HIDPI_IMAGES = YES;
				DEVELOPMENT_TEAM = 9AR968KZAA;
				INFOPLIST_FILE = Timer/Info.plist;
				LD_RUNPATH_SEARCH_PATHS = "$(inherited) @executable_path/../Frameworks";
				PRODUCT_BUNDLE_IDENTIFIER = com.example.Timer;
				PRODUCT_NAME = "$(TARGET_NAME)";
				SWIFT_VERSION = 3.0;
			};
			name = Debug;
		};
		CBB4E1701F31B96F003852D0 /* Release */ = {
			isa = XCBuildConfiguration;
			buildSettings = {
				ASSETCATALOG_COMPILER_APPICON_NAME = AppIcon;
				COMBINE_HIDPI_IMAGES = YES;
				DEVELOPMENT_TEAM = 9AR968KZAA;
				INFOPLIST_FILE = Timer/Info.plist;
				LD_RUNPATH_SEARCH_PATHS = "$(inherited) @executable_path/../Frameworks";
				PRODUCT_BUNDLE_IDENTIFIER = com.example.Timer;
				PRODUCT_NAME = "$(TARGET_NAME)";
				SWIFT_VERSION = 3.0;
			};
			name = Release;
		};
/* End XCBuildConfiguration section */

/* Begin XCConfigurationList section */
		CBB4E15A1F31B96F003852D0 /* Build configuration list for PBXProject "Timer" */ = {
			isa = XCConfigurationList;
			buildConfigurations = (
				CBB4E16C1F31B96F003852D0 /* Debug */,
				CBB4E16D1F31B96F003852D0 /* Release */,
			);
			defaultConfigurationIsVisible = 0;
			defaultConfigurationName = Release;
		};
		CBB4E16E1F31B96F003852D0 /* Build configuration list for PBXNativeTarget "Timer" */ = {
			isa = XCConfigurationList;
			buildConfigurations = (
				CBB4E16F1F31B96F003852D0 /* Debug */,
				CBB4E1701F31B96F003852D0 /* Release */,
			);
			defaultConfigurationIsVisible = 0;
			defaultConfigurationName = Release;
		};
/* End XCConfigurationList section */
	};
	rootObject = CBB4E1571F31B96F003852D0 /* Project object */;
}
